// !$*UTF8*$!
{
	archiveVersion = 1;
	classes = {
	};
	objectVersion = 50;
	objects = {

/* Begin PBXBuildFile section */
		05155D3724E61DDC00F866FB /* BMExport.xcdatamodeld in Sources */ = {isa = PBXBuildFile; fileRef = 05155D3524E61DDC00F866FB /* BMExport.xcdatamodeld */; };
		05155D3924E61DDD00F866FB /* Assets.xcassets in Resources */ = {isa = PBXBuildFile; fileRef = 05155D3824E61DDD00F866FB /* Assets.xcassets */; };
		05155D4A24E61DDE00F866FB /* BMExportTests.m in Sources */ = {isa = PBXBuildFile; fileRef = 05155D4924E61DDE00F866FB /* BMExportTests.m */; };
		05155D6F24E61E3B00F866FB /* BMModelInfoModel.m in Sources */ = {isa = PBXBuildFile; fileRef = 05155D6424E61E3B00F866FB /* BMModelInfoModel.m */; };
		05155D7124E61E3B00F866FB /* main.m in Sources */ = {isa = PBXBuildFile; fileRef = 05155D6824E61E3B00F866FB /* main.m */; };
		05155D7224E61E3B00F866FB /* AppDelegate.m in Sources */ = {isa = PBXBuildFile; fileRef = 05155D6924E61E3B00F866FB /* AppDelegate.m */; };
		05155D7524E61E4200F866FB /* Main.storyboard in Resources */ = {isa = PBXBuildFile; fileRef = 05155D7324E61E4200F866FB /* Main.storyboard */; };
		054B3C1024E61EF500EFAF50 /* BMJsonParsingManager.m in Sources */ = {isa = PBXBuildFile; fileRef = 054B3C0F24E61EF500EFAF50 /* BMJsonParsingManager.m */; };
		054B3C1424E623F900EFAF50 /* BMPropertyInfo.m in Sources */ = {isa = PBXBuildFile; fileRef = 054B3C1324E623F900EFAF50 /* BMPropertyInfo.m */; };
		05BFA41F24E62BB800635225 /* BMOCModelTool.m in Sources */ = {isa = PBXBuildFile; fileRef = 05BFA41E24E62BB800635225 /* BMOCModelTool.m */; };
		05BFA42424E6384200635225 /* json1.text in Resources */ = {isa = PBXBuildFile; fileRef = 05BFA42024E6384200635225 /* json1.text */; };
		05BFA42524E6384200635225 /* json3.text in Resources */ = {isa = PBXBuildFile; fileRef = 05BFA42124E6384200635225 /* json3.text */; };
		05BFA42724E6384200635225 /* json2.text in Resources */ = {isa = PBXBuildFile; fileRef = 05BFA42324E6384200635225 /* json2.text */; };
		05EAF40224E651660092B0F3 /* ViewController.m in Sources */ = {isa = PBXBuildFile; fileRef = 05EAF3F924E651660092B0F3 /* ViewController.m */; };
		05EAF40324E651660092B0F3 /* BMMySettingVC.m in Sources */ = {isa = PBXBuildFile; fileRef = 05EAF3FC24E651660092B0F3 /* BMMySettingVC.m */; };
		05EAF40424E651660092B0F3 /* BMMySettingVC.xib in Resources */ = {isa = PBXBuildFile; fileRef = 05EAF3FD24E651660092B0F3 /* BMMySettingVC.xib */; };
		05EAF40524E651660092B0F3 /* BMCodeFormattingVC.m in Sources */ = {isa = PBXBuildFile; fileRef = 05EAF40024E651660092B0F3 /* BMCodeFormattingVC.m */; };
		05EAF40624E651660092B0F3 /* BMCodeFormattingVC.xib in Resources */ = {isa = PBXBuildFile; fileRef = 05EAF40124E651660092B0F3 /* BMCodeFormattingVC.xib */; };
		05FD898324E63C77005CEFCB /* BMSwiftModelTool.m in Sources */ = {isa = PBXBuildFile; fileRef = 05FD898224E63C77005CEFCB /* BMSwiftModelTool.m */; };
		05FD898924E64406005CEFCB /* Swift.swift in Sources */ = {isa = PBXBuildFile; fileRef = 05FD898824E64406005CEFCB /* Swift.swift */; };
		183B3066FAC7F4DD262C1383 /* libPods-BMExport.a in Frameworks */ = {isa = PBXBuildFile; fileRef = 2F333F86F6C95CB06233AB93 /* libPods-BMExport.a */; };
/* End PBXBuildFile section */

/* Begin PBXContainerItemProxy section */
		05155D4624E61DDE00F866FB /* PBXContainerItemProxy */ = {
			isa = PBXContainerItemProxy;
			containerPortal = 05155D2424E61DDC00F866FB /* Project object */;
			proxyType = 1;
			remoteGlobalIDString = 05155D2B24E61DDC00F866FB;
			remoteInfo = BMExport;
		};
/* End PBXContainerItemProxy section */

/* Begin PBXFileReference section */
		05155D2C24E61DDC00F866FB /* BMExport.app */ = {isa = PBXFileReference; explicitFileType = wrapper.application; includeInIndex = 0; path = BMExport.app; sourceTree = BUILT_PRODUCTS_DIR; };
		05155D3624E61DDC00F866FB /* BMExport.xcdatamodel */ = {isa = PBXFileReference; lastKnownFileType = wrapper.xcdatamodel; path = BMExport.xcdatamodel; sourceTree = "<group>"; };
		05155D3824E61DDD00F866FB /* Assets.xcassets */ = {isa = PBXFileReference; lastKnownFileType = folder.assetcatalog; path = Assets.xcassets; sourceTree = "<group>"; };
		05155D3D24E61DDD00F866FB /* Info.plist */ = {isa = PBXFileReference; lastKnownFileType = text.plist.xml; path = Info.plist; sourceTree = "<group>"; };
		05155D4024E61DDD00F866FB /* BMExport.entitlements */ = {isa = PBXFileReference; lastKnownFileType = text.plist.entitlements; path = BMExport.entitlements; sourceTree = "<group>"; };
		05155D4524E61DDE00F866FB /* BMExportTests.xctest */ = {isa = PBXFileReference; explicitFileType = wrapper.cfbundle; includeInIndex = 0; path = BMExportTests.xctest; sourceTree = BUILT_PRODUCTS_DIR; };
		05155D4924E61DDE00F866FB /* BMExportTests.m */ = {isa = PBXFileReference; lastKnownFileType = sourcecode.c.objc; path = BMExportTests.m; sourceTree = "<group>"; };
		05155D4B24E61DDE00F866FB /* Info.plist */ = {isa = PBXFileReference; lastKnownFileType = text.plist.xml; path = Info.plist; sourceTree = "<group>"; };
		05155D6224E61E3B00F866FB /* BMModelInfoModel.h */ = {isa = PBXFileReference; fileEncoding = 4; lastKnownFileType = sourcecode.c.h; path = BMModelInfoModel.h; sourceTree = "<group>"; };
		05155D6424E61E3B00F866FB /* BMModelInfoModel.m */ = {isa = PBXFileReference; fileEncoding = 4; lastKnownFileType = sourcecode.c.objc; path = BMModelInfoModel.m; sourceTree = "<group>"; };
		05155D6724E61E3B00F866FB /* AppDelegate.h */ = {isa = PBXFileReference; fileEncoding = 4; lastKnownFileType = sourcecode.c.h; path = AppDelegate.h; sourceTree = "<group>"; };
		05155D6824E61E3B00F866FB /* main.m */ = {isa = PBXFileReference; fileEncoding = 4; lastKnownFileType = sourcecode.c.objc; path = main.m; sourceTree = "<group>"; };
		05155D6924E61E3B00F866FB /* AppDelegate.m */ = {isa = PBXFileReference; fileEncoding = 4; lastKnownFileType = sourcecode.c.objc; path = AppDelegate.m; sourceTree = "<group>"; };
		05155D7424E61E4200F866FB /* Base */ = {isa = PBXFileReference; lastKnownFileType = file.storyboard; name = Base; path = Base.lproj/Main.storyboard; sourceTree = "<group>"; };
		054B3C0E24E61EF500EFAF50 /* BMJsonParsingManager.h */ = {isa = PBXFileReference; lastKnownFileType = sourcecode.c.h; path = BMJsonParsingManager.h; sourceTree = "<group>"; };
		054B3C0F24E61EF500EFAF50 /* BMJsonParsingManager.m */ = {isa = PBXFileReference; lastKnownFileType = sourcecode.c.objc; path = BMJsonParsingManager.m; sourceTree = "<group>"; };
		054B3C1224E623F900EFAF50 /* BMPropertyInfo.h */ = {isa = PBXFileReference; lastKnownFileType = sourcecode.c.h; path = BMPropertyInfo.h; sourceTree = "<group>"; };
		054B3C1324E623F900EFAF50 /* BMPropertyInfo.m */ = {isa = PBXFileReference; lastKnownFileType = sourcecode.c.objc; path = BMPropertyInfo.m; sourceTree = "<group>"; };
		05BFA41D24E62BB800635225 /* BMOCModelTool.h */ = {isa = PBXFileReference; lastKnownFileType = sourcecode.c.h; path = BMOCModelTool.h; sourceTree = "<group>"; };
		05BFA41E24E62BB800635225 /* BMOCModelTool.m */ = {isa = PBXFileReference; lastKnownFileType = sourcecode.c.objc; path = BMOCModelTool.m; sourceTree = "<group>"; };
		05BFA42024E6384200635225 /* json1.text */ = {isa = PBXFileReference; fileEncoding = 4; lastKnownFileType = net.daringfireball.markdown; path = json1.text; sourceTree = "<group>"; };
		05BFA42124E6384200635225 /* json3.text */ = {isa = PBXFileReference; fileEncoding = 4; lastKnownFileType = net.daringfireball.markdown; path = json3.text; sourceTree = "<group>"; };
		05BFA42324E6384200635225 /* json2.text */ = {isa = PBXFileReference; fileEncoding = 4; lastKnownFileType = net.daringfireball.markdown; path = json2.text; sourceTree = "<group>"; };
		05EAF3F824E651660092B0F3 /* ViewController.h */ = {isa = PBXFileReference; fileEncoding = 4; lastKnownFileType = sourcecode.c.h; path = ViewController.h; sourceTree = "<group>"; };
		05EAF3F924E651660092B0F3 /* ViewController.m */ = {isa = PBXFileReference; fileEncoding = 4; lastKnownFileType = sourcecode.c.objc; path = ViewController.m; sourceTree = "<group>"; };
		05EAF3FB24E651660092B0F3 /* BMMySettingVC.h */ = {isa = PBXFileReference; fileEncoding = 4; lastKnownFileType = sourcecode.c.h; path = BMMySettingVC.h; sourceTree = "<group>"; };
		05EAF3FC24E651660092B0F3 /* BMMySettingVC.m */ = {isa = PBXFileReference; fileEncoding = 4; lastKnownFileType = sourcecode.c.objc; path = BMMySettingVC.m; sourceTree = "<group>"; };
		05EAF3FD24E651660092B0F3 /* BMMySettingVC.xib */ = {isa = PBXFileReference; fileEncoding = 4; lastKnownFileType = file.xib; path = BMMySettingVC.xib; sourceTree = "<group>"; };
		05EAF3FF24E651660092B0F3 /* BMCodeFormattingVC.h */ = {isa = PBXFileReference; fileEncoding = 4; lastKnownFileType = sourcecode.c.h; path = BMCodeFormattingVC.h; sourceTree = "<group>"; };
		05EAF40024E651660092B0F3 /* BMCodeFormattingVC.m */ = {isa = PBXFileReference; fileEncoding = 4; lastKnownFileType = sourcecode.c.objc; path = BMCodeFormattingVC.m; sourceTree = "<group>"; };
		05EAF40124E651660092B0F3 /* BMCodeFormattingVC.xib */ = {isa = PBXFileReference; fileEncoding = 4; lastKnownFileType = file.xib; path = BMCodeFormattingVC.xib; sourceTree = "<group>"; };
		05FD898124E63C77005CEFCB /* BMSwiftModelTool.h */ = {isa = PBXFileReference; lastKnownFileType = sourcecode.c.h; path = BMSwiftModelTool.h; sourceTree = "<group>"; };
		05FD898224E63C77005CEFCB /* BMSwiftModelTool.m */ = {isa = PBXFileReference; lastKnownFileType = sourcecode.c.objc; path = BMSwiftModelTool.m; sourceTree = "<group>"; };
		05FD898724E64406005CEFCB /* BMExport-Bridging-Header.h */ = {isa = PBXFileReference; lastKnownFileType = sourcecode.c.h; path = "BMExport-Bridging-Header.h"; sourceTree = "<group>"; };
		05FD898824E64406005CEFCB /* Swift.swift */ = {isa = PBXFileReference; lastKnownFileType = sourcecode.swift; path = Swift.swift; sourceTree = "<group>"; };
		1D9842E374565A7A98CA81BA /* Pods-BMExport.debug.xcconfig */ = {isa = PBXFileReference; includeInIndex = 1; lastKnownFileType = text.xcconfig; name = "Pods-BMExport.debug.xcconfig"; path = "Target Support Files/Pods-BMExport/Pods-BMExport.debug.xcconfig"; sourceTree = "<group>"; };
		27B583A6BE6AAE78A1317038 /* Pods-BMExport.release.xcconfig */ = {isa = PBXFileReference; includeInIndex = 1; lastKnownFileType = text.xcconfig; name = "Pods-BMExport.release.xcconfig"; path = "Target Support Files/Pods-BMExport/Pods-BMExport.release.xcconfig"; sourceTree = "<group>"; };
		2F333F86F6C95CB06233AB93 /* libPods-BMExport.a */ = {isa = PBXFileReference; explicitFileType = archive.ar; includeInIndex = 0; path = "libPods-BMExport.a"; sourceTree = BUILT_PRODUCTS_DIR; };
/* End PBXFileReference section */

/* Begin PBXFrameworksBuildPhase section */
		05155D2924E61DDC00F866FB /* Frameworks */ = {
			isa = PBXFrameworksBuildPhase;
			buildActionMask = 2147483647;
			files = (
				183B3066FAC7F4DD262C1383 /* libPods-BMExport.a in Frameworks */,
			);
			runOnlyForDeploymentPostprocessing = 0;
		};
		05155D4224E61DDE00F866FB /* Frameworks */ = {
			isa = PBXFrameworksBuildPhase;
			buildActionMask = 2147483647;
			files = (
			);
			runOnlyForDeploymentPostprocessing = 0;
		};
/* End PBXFrameworksBuildPhase section */

/* Begin PBXGroup section */
		05155D2324E61DDC00F866FB = {
			isa = PBXGroup;
			children = (
				05155D2E24E61DDC00F866FB /* BMExport */,
				05155D4824E61DDE00F866FB /* BMExportTests */,
				05155D2D24E61DDC00F866FB /* Products */,
				5CB0E060DCE27D802467C22A /* Pods */,
				31402941C1BD9C7CDC370368 /* Frameworks */,
			);
			sourceTree = "<group>";
		};
		05155D2D24E61DDC00F866FB /* Products */ = {
			isa = PBXGroup;
			children = (
				05155D2C24E61DDC00F866FB /* BMExport.app */,
				05155D4524E61DDE00F866FB /* BMExportTests.xctest */,
			);
			name = Products;
			sourceTree = "<group>";
		};
		05155D2E24E61DDC00F866FB /* BMExport */ = {
			isa = PBXGroup;
			children = (
				05155D6124E61E3B00F866FB /* Lib */,
				05155D6624E61E3B00F866FB /* NSApplication */,
				05BFA42824E6385F00635225 /* jsons */,
				05155D5724E61E3B00F866FB /* Classes */,
				05155D3824E61DDD00F866FB /* Assets.xcassets */,
				05155D7324E61E4200F866FB /* Main.storyboard */,
				05155D3D24E61DDD00F866FB /* Info.plist */,
				05155D4024E61DDD00F866FB /* BMExport.entitlements */,
				05155D3524E61DDC00F866FB /* BMExport.xcdatamodeld */,
			);
			path = BMExport;
			sourceTree = "<group>";
		};
		05155D4824E61DDE00F866FB /* BMExportTests */ = {
			isa = PBXGroup;
			children = (
				05155D4924E61DDE00F866FB /* BMExportTests.m */,
				05155D4B24E61DDE00F866FB /* Info.plist */,
			);
			path = BMExportTests;
			sourceTree = "<group>";
		};
		05155D5724E61E3B00F866FB /* Classes */ = {
			isa = PBXGroup;
			children = (
				05EAF3FE24E651660092B0F3 /* CodeFormatting */,
				05EAF3F724E651660092B0F3 /* Home */,
				05EAF3FA24E651660092B0F3 /* Setting */,
			);
			path = Classes;
			sourceTree = "<group>";
		};
		05155D6124E61E3B00F866FB /* Lib */ = {
			isa = PBXGroup;
			children = (
				054B3C1124E623A900EFAF50 /* BMJsonParsingManager */,
				05BFA42924E638DD00635225 /* languages */,
			);
			path = Lib;
			sourceTree = "<group>";
		};
		05155D6624E61E3B00F866FB /* NSApplication */ = {
			isa = PBXGroup;
			children = (
				05155D6824E61E3B00F866FB /* main.m */,
				05155D6724E61E3B00F866FB /* AppDelegate.h */,
				05155D6924E61E3B00F866FB /* AppDelegate.m */,
			);
			path = NSApplication;
			sourceTree = "<group>";
		};
		054B3C1124E623A900EFAF50 /* BMJsonParsingManager */ = {
			isa = PBXGroup;
			children = (
				054B3C0E24E61EF500EFAF50 /* BMJsonParsingManager.h */,
				054B3C0F24E61EF500EFAF50 /* BMJsonParsingManager.m */,
				05155D6224E61E3B00F866FB /* BMModelInfoModel.h */,
				05155D6424E61E3B00F866FB /* BMModelInfoModel.m */,
				054B3C1224E623F900EFAF50 /* BMPropertyInfo.h */,
				054B3C1324E623F900EFAF50 /* BMPropertyInfo.m */,
			);
			path = BMJsonParsingManager;
			sourceTree = "<group>";
		};
		05BFA41C24E62B9600635225 /* OC */ = {
			isa = PBXGroup;
			children = (
				05BFA41D24E62BB800635225 /* BMOCModelTool.h */,
				05BFA41E24E62BB800635225 /* BMOCModelTool.m */,
			);
			path = OC;
			sourceTree = "<group>";
		};
		05BFA42824E6385F00635225 /* jsons */ = {
			isa = PBXGroup;
			children = (
				05BFA42024E6384200635225 /* json1.text */,
				05BFA42324E6384200635225 /* json2.text */,
				05BFA42124E6384200635225 /* json3.text */,
			);
			path = jsons;
			sourceTree = "<group>";
		};
		05BFA42924E638DD00635225 /* languages */ = {
			isa = PBXGroup;
			children = (
				05FD898024E63C66005CEFCB /* Swift */,
				05BFA41C24E62B9600635225 /* OC */,
			);
			path = languages;
			sourceTree = "<group>";
		};
		05EAF3F724E651660092B0F3 /* Home */ = {
			isa = PBXGroup;
			children = (
				05EAF3F824E651660092B0F3 /* ViewController.h */,
				05EAF3F924E651660092B0F3 /* ViewController.m */,
			);
			path = Home;
			sourceTree = "<group>";
		};
		05EAF3FA24E651660092B0F3 /* Setting */ = {
			isa = PBXGroup;
			children = (
				05EAF3FB24E651660092B0F3 /* BMMySettingVC.h */,
				05EAF3FC24E651660092B0F3 /* BMMySettingVC.m */,
				05EAF3FD24E651660092B0F3 /* BMMySettingVC.xib */,
			);
			path = Setting;
			sourceTree = "<group>";
		};
		05EAF3FE24E651660092B0F3 /* CodeFormatting */ = {
			isa = PBXGroup;
			children = (
				05EAF3FF24E651660092B0F3 /* BMCodeFormattingVC.h */,
				05EAF40024E651660092B0F3 /* BMCodeFormattingVC.m */,
				05EAF40124E651660092B0F3 /* BMCodeFormattingVC.xib */,
			);
			path = CodeFormatting;
			sourceTree = "<group>";
		};
		05FD898024E63C66005CEFCB /* Swift */ = {
			isa = PBXGroup;
			children = (
				05FD898124E63C77005CEFCB /* BMSwiftModelTool.h */,
				05FD898224E63C77005CEFCB /* BMSwiftModelTool.m */,
				05FD898824E64406005CEFCB /* Swift.swift */,
				05FD898724E64406005CEFCB /* BMExport-Bridging-Header.h */,
			);
			path = Swift;
			sourceTree = "<group>";
		};
		31402941C1BD9C7CDC370368 /* Frameworks */ = {
			isa = PBXGroup;
			children = (
				2F333F86F6C95CB06233AB93 /* libPods-BMExport.a */,
			);
			name = Frameworks;
			sourceTree = "<group>";
		};
		5CB0E060DCE27D802467C22A /* Pods */ = {
			isa = PBXGroup;
			children = (
				1D9842E374565A7A98CA81BA /* Pods-BMExport.debug.xcconfig */,
				27B583A6BE6AAE78A1317038 /* Pods-BMExport.release.xcconfig */,
			);
			path = Pods;
			sourceTree = "<group>";
		};
/* End PBXGroup section */

/* Begin PBXNativeTarget section */
		05155D2B24E61DDC00F866FB /* BMExport */ = {
			isa = PBXNativeTarget;
			buildConfigurationList = 05155D4E24E61DDE00F866FB /* Build configuration list for PBXNativeTarget "BMExport" */;
			buildPhases = (
				096EE5BDE9AFBFF8CE82D72C /* [CP] Check Pods Manifest.lock */,
				05155D2824E61DDC00F866FB /* Sources */,
				05155D2924E61DDC00F866FB /* Frameworks */,
				05155D2A24E61DDC00F866FB /* Resources */,
			);
			buildRules = (
			);
			dependencies = (
			);
			name = BMExport;
			productName = BMExport;
			productReference = 05155D2C24E61DDC00F866FB /* BMExport.app */;
			productType = "com.apple.product-type.application";
		};
		05155D4424E61DDE00F866FB /* BMExportTests */ = {
			isa = PBXNativeTarget;
			buildConfigurationList = 05155D5124E61DDE00F866FB /* Build configuration list for PBXNativeTarget "BMExportTests" */;
			buildPhases = (
				05155D4124E61DDE00F866FB /* Sources */,
				05155D4224E61DDE00F866FB /* Frameworks */,
				05155D4324E61DDE00F866FB /* Resources */,
			);
			buildRules = (
			);
			dependencies = (
				05155D4724E61DDE00F866FB /* PBXTargetDependency */,
			);
			name = BMExportTests;
			productName = BMExportTests;
			productReference = 05155D4524E61DDE00F866FB /* BMExportTests.xctest */;
			productType = "com.apple.product-type.bundle.unit-test";
		};
/* End PBXNativeTarget section */

/* Begin PBXProject section */
		05155D2424E61DDC00F866FB /* Project object */ = {
			isa = PBXProject;
			attributes = {
				LastUpgradeCheck = 1150;
				ORGANIZATIONNAME = liangdahong;
				TargetAttributes = {
					05155D2B24E61DDC00F866FB = {
						CreatedOnToolsVersion = 11.5;
						LastSwiftMigration = 1150;
					};
					05155D4424E61DDE00F866FB = {
						CreatedOnToolsVersion = 11.5;
						TestTargetID = 05155D2B24E61DDC00F866FB;
					};
				};
			};
			buildConfigurationList = 05155D2724E61DDC00F866FB /* Build configuration list for PBXProject "BMExport" */;
			compatibilityVersion = "Xcode 9.3";
			developmentRegion = en;
			hasScannedForEncodings = 0;
			knownRegions = (
				en,
				Base,
			);
			mainGroup = 05155D2324E61DDC00F866FB;
			productRefGroup = 05155D2D24E61DDC00F866FB /* Products */;
			projectDirPath = "";
			projectRoot = "";
			targets = (
				05155D2B24E61DDC00F866FB /* BMExport */,
				05155D4424E61DDE00F866FB /* BMExportTests */,
			);
		};
/* End PBXProject section */

/* Begin PBXResourcesBuildPhase section */
		05155D2A24E61DDC00F866FB /* Resources */ = {
			isa = PBXResourcesBuildPhase;
			buildActionMask = 2147483647;
			files = (
				05BFA42424E6384200635225 /* json1.text in Resources */,
				05155D3924E61DDD00F866FB /* Assets.xcassets in Resources */,
				05155D7524E61E4200F866FB /* Main.storyboard in Resources */,
				05EAF40624E651660092B0F3 /* BMCodeFormattingVC.xib in Resources */,
				05BFA42724E6384200635225 /* json2.text in Resources */,
				05EAF40424E651660092B0F3 /* BMMySettingVC.xib in Resources */,
				05BFA42524E6384200635225 /* json3.text in Resources */,
			);
			runOnlyForDeploymentPostprocessing = 0;
		};
		05155D4324E61DDE00F866FB /* Resources */ = {
			isa = PBXResourcesBuildPhase;
			buildActionMask = 2147483647;
			files = (
			);
			runOnlyForDeploymentPostprocessing = 0;
		};
/* End PBXResourcesBuildPhase section */

/* Begin PBXShellScriptBuildPhase section */
		096EE5BDE9AFBFF8CE82D72C /* [CP] Check Pods Manifest.lock */ = {
			isa = PBXShellScriptBuildPhase;
			buildActionMask = 2147483647;
			files = (
			);
			inputFileListPaths = (
			);
			inputPaths = (
				"${PODS_PODFILE_DIR_PATH}/Podfile.lock",
				"${PODS_ROOT}/Manifest.lock",
			);
			name = "[CP] Check Pods Manifest.lock";
			outputFileListPaths = (
			);
			outputPaths = (
				"$(DERIVED_FILE_DIR)/Pods-BMExport-checkManifestLockResult.txt",
			);
			runOnlyForDeploymentPostprocessing = 0;
			shellPath = /bin/sh;
			shellScript = "diff \"${PODS_PODFILE_DIR_PATH}/Podfile.lock\" \"${PODS_ROOT}/Manifest.lock\" > /dev/null\nif [ $? != 0 ] ; then\n    # print error to STDERR\n    echo \"error: The sandbox is not in sync with the Podfile.lock. Run 'pod install' or update your CocoaPods installation.\" >&2\n    exit 1\nfi\n# This output is used by Xcode 'outputs' to avoid re-running this script phase.\necho \"SUCCESS\" > \"${SCRIPT_OUTPUT_FILE_0}\"\n";
			showEnvVarsInLog = 0;
		};
/* End PBXShellScriptBuildPhase section */

/* Begin PBXSourcesBuildPhase section */
		05155D2824E61DDC00F866FB /* Sources */ = {
			isa = PBXSourcesBuildPhase;
			buildActionMask = 2147483647;
			files = (
				05EAF40324E651660092B0F3 /* BMMySettingVC.m in Sources */,
				05155D3724E61DDC00F866FB /* BMExport.xcdatamodeld in Sources */,
				05155D6F24E61E3B00F866FB /* BMModelInfoModel.m in Sources */,
				05BFA41F24E62BB800635225 /* BMOCModelTool.m in Sources */,
				05155D7224E61E3B00F866FB /* AppDelegate.m in Sources */,
				05EAF40524E651660092B0F3 /* BMCodeFormattingVC.m in Sources */,
				05EAF40224E651660092B0F3 /* ViewController.m in Sources */,
				05155D7124E61E3B00F866FB /* main.m in Sources */,
				05FD898924E64406005CEFCB /* Swift.swift in Sources */,
				05FD898324E63C77005CEFCB /* BMSwiftModelTool.m in Sources */,
				054B3C1024E61EF500EFAF50 /* BMJsonParsingManager.m in Sources */,
				054B3C1424E623F900EFAF50 /* BMPropertyInfo.m in Sources */,
			);
			runOnlyForDeploymentPostprocessing = 0;
		};
		05155D4124E61DDE00F866FB /* Sources */ = {
			isa = PBXSourcesBuildPhase;
			buildActionMask = 2147483647;
			files = (
				05155D4A24E61DDE00F866FB /* BMExportTests.m in Sources */,
			);
			runOnlyForDeploymentPostprocessing = 0;
		};
/* End PBXSourcesBuildPhase section */

/* Begin PBXTargetDependency section */
		05155D4724E61DDE00F866FB /* PBXTargetDependency */ = {
			isa = PBXTargetDependency;
			target = 05155D2B24E61DDC00F866FB /* BMExport */;
			targetProxy = 05155D4624E61DDE00F866FB /* PBXContainerItemProxy */;
		};
/* End PBXTargetDependency section */

/* Begin PBXVariantGroup section */
		05155D7324E61E4200F866FB /* Main.storyboard */ = {
			isa = PBXVariantGroup;
			children = (
				05155D7424E61E4200F866FB /* Base */,
			);
			name = Main.storyboard;
			sourceTree = "<group>";
		};
/* End PBXVariantGroup section */

/* Begin XCBuildConfiguration section */
		05155D4C24E61DDE00F866FB /* Debug */ = {
			isa = XCBuildConfiguration;
			buildSettings = {
				ALWAYS_SEARCH_USER_PATHS = NO;
				CLANG_ANALYZER_NONNULL = YES;
				CLANG_ANALYZER_NUMBER_OBJECT_CONVERSION = YES_AGGRESSIVE;
				CLANG_CXX_LANGUAGE_STANDARD = "gnu++14";
				CLANG_CXX_LIBRARY = "libc++";
				CLANG_ENABLE_MODULES = YES;
				CLANG_ENABLE_OBJC_ARC = YES;
				CLANG_ENABLE_OBJC_WEAK = YES;
				CLANG_WARN_BLOCK_CAPTURE_AUTORELEASING = YES;
				CLANG_WARN_BOOL_CONVERSION = YES;
				CLANG_WARN_COMMA = YES;
				CLANG_WARN_CONSTANT_CONVERSION = YES;
				CLANG_WARN_DEPRECATED_OBJC_IMPLEMENTATIONS = YES;
				CLANG_WARN_DIRECT_OBJC_ISA_USAGE = YES_ERROR;
				CLANG_WARN_DOCUMENTATION_COMMENTS = YES;
				CLANG_WARN_EMPTY_BODY = YES;
				CLANG_WARN_ENUM_CONVERSION = YES;
				CLANG_WARN_INFINITE_RECURSION = YES;
				CLANG_WARN_INT_CONVERSION = YES;
				CLANG_WARN_NON_LITERAL_NULL_CONVERSION = YES;
				CLANG_WARN_OBJC_IMPLICIT_RETAIN_SELF = YES;
				CLANG_WARN_OBJC_LITERAL_CONVERSION = YES;
				CLANG_WARN_OBJC_ROOT_CLASS = YES_ERROR;
				CLANG_WARN_RANGE_LOOP_ANALYSIS = YES;
				CLANG_WARN_STRICT_PROTOTYPES = YES;
				CLANG_WARN_SUSPICIOUS_MOVE = YES;
				CLANG_WARN_UNGUARDED_AVAILABILITY = YES_AGGRESSIVE;
				CLANG_WARN_UNREACHABLE_CODE = YES;
				CLANG_WARN__DUPLICATE_METHOD_MATCH = YES;
				COPY_PHASE_STRIP = NO;
				DEBUG_INFORMATION_FORMAT = dwarf;
				ENABLE_STRICT_OBJC_MSGSEND = YES;
				ENABLE_TESTABILITY = YES;
				GCC_C_LANGUAGE_STANDARD = gnu11;
				GCC_DYNAMIC_NO_PIC = NO;
				GCC_NO_COMMON_BLOCKS = YES;
				GCC_OPTIMIZATION_LEVEL = 0;
				GCC_PREPROCESSOR_DEFINITIONS = (
					"DEBUG=1",
					"$(inherited)",
				);
				GCC_WARN_64_TO_32_BIT_CONVERSION = YES;
				GCC_WARN_ABOUT_RETURN_TYPE = YES_ERROR;
				GCC_WARN_UNDECLARED_SELECTOR = YES;
				GCC_WARN_UNINITIALIZED_AUTOS = YES_AGGRESSIVE;
				GCC_WARN_UNUSED_FUNCTION = YES;
				GCC_WARN_UNUSED_VARIABLE = YES;
				MACOSX_DEPLOYMENT_TARGET = 10.15;
				MTL_ENABLE_DEBUG_INFO = INCLUDE_SOURCE;
				MTL_FAST_MATH = YES;
				ONLY_ACTIVE_ARCH = YES;
				SDKROOT = macosx;
			};
			name = Debug;
		};
		05155D4D24E61DDE00F866FB /* Release */ = {
			isa = XCBuildConfiguration;
			buildSettings = {
				ALWAYS_SEARCH_USER_PATHS = NO;
				CLANG_ANALYZER_NONNULL = YES;
				CLANG_ANALYZER_NUMBER_OBJECT_CONVERSION = YES_AGGRESSIVE;
				CLANG_CXX_LANGUAGE_STANDARD = "gnu++14";
				CLANG_CXX_LIBRARY = "libc++";
				CLANG_ENABLE_MODULES = YES;
				CLANG_ENABLE_OBJC_ARC = YES;
				CLANG_ENABLE_OBJC_WEAK = YES;
				CLANG_WARN_BLOCK_CAPTURE_AUTORELEASING = YES;
				CLANG_WARN_BOOL_CONVERSION = YES;
				CLANG_WARN_COMMA = YES;
				CLANG_WARN_CONSTANT_CONVERSION = YES;
				CLANG_WARN_DEPRECATED_OBJC_IMPLEMENTATIONS = YES;
				CLANG_WARN_DIRECT_OBJC_ISA_USAGE = YES_ERROR;
				CLANG_WARN_DOCUMENTATION_COMMENTS = YES;
				CLANG_WARN_EMPTY_BODY = YES;
				CLANG_WARN_ENUM_CONVERSION = YES;
				CLANG_WARN_INFINITE_RECURSION = YES;
				CLANG_WARN_INT_CONVERSION = YES;
				CLANG_WARN_NON_LITERAL_NULL_CONVERSION = YES;
				CLANG_WARN_OBJC_IMPLICIT_RETAIN_SELF = YES;
				CLANG_WARN_OBJC_LITERAL_CONVERSION = YES;
				CLANG_WARN_OBJC_ROOT_CLASS = YES_ERROR;
				CLANG_WARN_RANGE_LOOP_ANALYSIS = YES;
				CLANG_WARN_STRICT_PROTOTYPES = YES;
				CLANG_WARN_SUSPICIOUS_MOVE = YES;
				CLANG_WARN_UNGUARDED_AVAILABILITY = YES_AGGRESSIVE;
				CLANG_WARN_UNREACHABLE_CODE = YES;
				CLANG_WARN__DUPLICATE_METHOD_MATCH = YES;
				COPY_PHASE_STRIP = NO;
				DEBUG_INFORMATION_FORMAT = "dwarf-with-dsym";
				ENABLE_NS_ASSERTIONS = NO;
				ENABLE_STRICT_OBJC_MSGSEND = YES;
				GCC_C_LANGUAGE_STANDARD = gnu11;
				GCC_NO_COMMON_BLOCKS = YES;
				GCC_WARN_64_TO_32_BIT_CONVERSION = YES;
				GCC_WARN_ABOUT_RETURN_TYPE = YES_ERROR;
				GCC_WARN_UNDECLARED_SELECTOR = YES;
				GCC_WARN_UNINITIALIZED_AUTOS = YES_AGGRESSIVE;
				GCC_WARN_UNUSED_FUNCTION = YES;
				GCC_WARN_UNUSED_VARIABLE = YES;
				MACOSX_DEPLOYMENT_TARGET = 10.15;
				MTL_ENABLE_DEBUG_INFO = NO;
				MTL_FAST_MATH = YES;
				SDKROOT = macosx;
			};
			name = Release;
		};
		05155D4F24E61DDE00F866FB /* Debug */ = {
			isa = XCBuildConfiguration;
			baseConfigurationReference = 1D9842E374565A7A98CA81BA /* Pods-BMExport.debug.xcconfig */;
			buildSettings = {
				ASSETCATALOG_COMPILER_APPICON_NAME = AppIcon;
				CLANG_ENABLE_MODULES = YES;
				CODE_SIGN_ENTITLEMENTS = BMExport/BMExport.entitlements;
				CODE_SIGN_STYLE = Automatic;
				COMBINE_HIDPI_IMAGES = YES;
				INFOPLIST_FILE = BMExport/Info.plist;
				LD_RUNPATH_SEARCH_PATHS = (
					"$(inherited)",
					"@executable_path/../Frameworks",
				);
				MACOSX_DEPLOYMENT_TARGET = 10.11;
				PRODUCT_BUNDLE_IDENTIFIER = com.liangdahong.BMExport;
				PRODUCT_NAME = "$(TARGET_NAME)";
				SWIFT_OBJC_BRIDGING_HEADER = "BMExport/Lib/languages/Swift/BMExport-Bridging-Header.h";
				SWIFT_OPTIMIZATION_LEVEL = "-Onone";
				SWIFT_VERSION = 5.0;
			};
			name = Debug;
		};
		05155D5024E61DDE00F866FB /* Release */ = {
			isa = XCBuildConfiguration;
			baseConfigurationReference = 27B583A6BE6AAE78A1317038 /* Pods-BMExport.release.xcconfig */;
			buildSettings = {
				ASSETCATALOG_COMPILER_APPICON_NAME = AppIcon;
				CLANG_ENABLE_MODULES = YES;
				CODE_SIGN_ENTITLEMENTS = BMExport/BMExport.entitlements;
				CODE_SIGN_STYLE = Automatic;
				COMBINE_HIDPI_IMAGES = YES;
				INFOPLIST_FILE = BMExport/Info.plist;
				LD_RUNPATH_SEARCH_PATHS = (
					"$(inherited)",
					"@executable_path/../Frameworks",
				);
				MACOSX_DEPLOYMENT_TARGET = 10.11;
				PRODUCT_BUNDLE_IDENTIFIER = com.liangdahong.BMExport;
				PRODUCT_NAME = "$(TARGET_NAME)";
				SWIFT_OBJC_BRIDGING_HEADER = "BMExport/Lib/languages/Swift/BMExport-Bridging-Header.h";
				SWIFT_VERSION = 5.0;
			};
			name = Release;
		};
		05155D5224E61DDE00F866FB /* Debug */ = {
			isa = XCBuildConfiguration;
			buildSettings = {
				ALWAYS_EMBED_SWIFT_STANDARD_LIBRARIES = YES;
				BUNDLE_LOADER = "$(TEST_HOST)";
				CODE_SIGN_STYLE = Automatic;
				COMBINE_HIDPI_IMAGES = YES;
				INFOPLIST_FILE = BMExportTests/Info.plist;
				LD_RUNPATH_SEARCH_PATHS = (
					"$(inherited)",
					"@executable_path/../Frameworks",
					"@loader_path/../Frameworks",
				);
				MACOSX_DEPLOYMENT_TARGET = 10.15;
				PRODUCT_BUNDLE_IDENTIFIER = com.liangdahong.BMExportTests;
				PRODUCT_NAME = "$(TARGET_NAME)";
				TEST_HOST = "$(BUILT_PRODUCTS_DIR)/BMExport.app/Contents/MacOS/BMExport";
			};
			name = Debug;
		};
		05155D5324E61DDE00F866FB /* Release */ = {
			isa = XCBuildConfiguration;
			buildSettings = {
				ALWAYS_EMBED_SWIFT_STANDARD_LIBRARIES = YES;
				BUNDLE_LOADER = "$(TEST_HOST)";
				CODE_SIGN_STYLE = Automatic;
				COMBINE_HIDPI_IMAGES = YES;
				INFOPLIST_FILE = BMExportTests/Info.plist;
				LD_RUNPATH_SEARCH_PATHS = (
					"$(inherited)",
					"@executable_path/../Frameworks",
					"@loader_path/../Frameworks",
				);
				MACOSX_DEPLOYMENT_TARGET = 10.15;
				PRODUCT_BUNDLE_IDENTIFIER = com.liangdahong.BMExportTests;
				PRODUCT_NAME = "$(TARGET_NAME)";
				TEST_HOST = "$(BUILT_PRODUCTS_DIR)/BMExport.app/Contents/MacOS/BMExport";
			};
			name = Release;
		};
/* End XCBuildConfiguration section */

/* Begin XCConfigurationList section */
		05155D2724E61DDC00F866FB /* Build configuration list for PBXProject "BMExport" */ = {
			isa = XCConfigurationList;
			buildConfigurations = (
				05155D4C24E61DDE00F866FB /* Debug */,
				05155D4D24E61DDE00F866FB /* Release */,
			);
			defaultConfigurationIsVisible = 0;
			defaultConfigurationName = Release;
		};
		05155D4E24E61DDE00F866FB /* Build configuration list for PBXNativeTarget "BMExport" */ = {
			isa = XCConfigurationList;
			buildConfigurations = (
				05155D4F24E61DDE00F866FB /* Debug */,
				05155D5024E61DDE00F866FB /* Release */,
			);
			defaultConfigurationIsVisible = 0;
			defaultConfigurationName = Release;
		};
		05155D5124E61DDE00F866FB /* Build configuration list for PBXNativeTarget "BMExportTests" */ = {
			isa = XCConfigurationList;
			buildConfigurations = (
				05155D5224E61DDE00F866FB /* Debug */,
				05155D5324E61DDE00F866FB /* Release */,
			);
			defaultConfigurationIsVisible = 0;
			defaultConfigurationName = Release;
		};
/* End XCConfigurationList section */

/* Begin XCVersionGroup section */
		05155D3524E61DDC00F866FB /* BMExport.xcdatamodeld */ = {
			isa = XCVersionGroup;
			children = (
				05155D3624E61DDC00F866FB /* BMExport.xcdatamodel */,
			);
			currentVersion = 05155D3624E61DDC00F866FB /* BMExport.xcdatamodel */;
			path = BMExport.xcdatamodeld;
			sourceTree = "<group>";
			versionGroupType = wrapper.xcdatamodel;
		};
/* End XCVersionGroup section */
	};
	rootObject = 05155D2424E61DDC00F866FB /* Project object */;
}
